
Microsoft Visual Studio Solution File, Format Version 12.00
# Visual Studio Version 17
VisualStudioVersion = 17.1.32421.90
MinimumVisualStudioVersion = 10.0.40219.1
Project("{9A19103F-16F7-4668-BE54-9A1E7A4F7556}") = "BNS_Final", "BNS_Final\BNS_Final.csproj", "{1059E694-654F-4986-AB2D-21FCD5CF299D}"
EndProject
Global
	GlobalSection(SolutionConfigurationPlatforms) = preSolution
		Debug|Any CPU = Debug|Any CPU
		Release|Any CPU = Release|Any CPU
	EndGlobalSection
	GlobalSection(ProjectConfigurationPlatforms) = postSolution
		{1059E694-654F-4986-AB2D-21FCD5CF299D}.Debug|Any CPU.ActiveCfg = Debug|Any CPU
		{1059E694-654F-4986-AB2D-21FCD5CF299D}.Debug|Any CPU.Build.0 = Debug|Any CPU
		{1059E694-654F-4986-AB2D-21FCD5CF299D}.Release|Any CPU.ActiveCfg = Release|Any CPU
		{1059E694-654F-4986-AB2D-21FCD5CF299D}.Release|Any CPU.Build.0 = Release|Any CPU
	EndGlobalSection
	GlobalSection(SolutionProperties) = preSolution
		HideSolutionNode = FALSE
	EndGlobalSection
	GlobalSection(ExtensibilityGlobals) = postSolution
		SolutionGuid = {06687598-325F-4587-82F1-3E34B1BF0644}
	EndGlobalSection
EndGlobal
